
Microsoft Visual Studio Solution File, Format Version 12.00
# Visual Studio 15
VisualStudioVersion = 15.0.28010.2036
MinimumVisualStudioVersion = 10.0.40219.1
Project("{9092AA53-FB77-4645-B42D-1CCCA6BD08BD}") = "Stratus", "Stratus\Stratus.njsproj", "{D84FCE19-0E6A-43EB-8261-B50CF5A7FC38}"
EndProject
Global
	GlobalSection(SolutionConfigurationPlatforms) = preSolution
		Debug|Any CPU = Debug|Any CPU
		Release|Any CPU = Release|Any CPU
	EndGlobalSection
	GlobalSection(ProjectConfigurationPlatforms) = postSolution
		{D84FCE19-0E6A-43EB-8261-B50CF5A7FC38}.Debug|Any CPU.ActiveCfg = Debug|Any CPU
		{D84FCE19-0E6A-43EB-8261-B50CF5A7FC38}.Debug|Any CPU.Build.0 = Debug|Any CPU
		{D84FCE19-0E6A-43EB-8261-B50CF5A7FC38}.Release|Any CPU.ActiveCfg = Release|Any CPU
		{D84FCE19-0E6A-43EB-8261-B50CF5A7FC38}.Release|Any CPU.Build.0 = Release|Any CPU
	EndGlobalSection
	GlobalSection(SolutionProperties) = preSolution
		HideSolutionNode = FALSE
	EndGlobalSection
	GlobalSection(ExtensibilityGlobals) = postSolution
		SolutionGuid = {9A1D65DB-1A68-44DB-82DF-CC485BCD2742}
	EndGlobalSection
EndGlobal
